
Microsoft Visual Studio Solution File, Format Version 12.00
# Visual Studio 15
Project("{FAE04EC0-301F-11D3-BF4B-00C04F79EFBC}") = "COMP2084GameShop", "COMP2084-GameShop\COMP2084GameShop.csproj", "{3BE6F7CB-A3FE-40C7-8D82-EBEB3D0D41B3}"
EndProject
Global
	GlobalSection(SolutionConfigurationPlatforms) = preSolution
		Debug|Any CPU = Debug|Any CPU
		Release|Any CPU = Release|Any CPU
	EndGlobalSection
	GlobalSection(ProjectConfigurationPlatforms) = postSolution
		{3BE6F7CB-A3FE-40C7-8D82-EBEB3D0D41B3}.Debug|Any CPU.ActiveCfg = Debug|Any CPU
		{3BE6F7CB-A3FE-40C7-8D82-EBEB3D0D41B3}.Debug|Any CPU.Build.0 = Debug|Any CPU
		{3BE6F7CB-A3FE-40C7-8D82-EBEB3D0D41B3}.Release|Any CPU.ActiveCfg = Release|Any CPU
		{3BE6F7CB-A3FE-40C7-8D82-EBEB3D0D41B3}.Release|Any CPU.Build.0 = Release|Any CPU
	EndGlobalSection
EndGlobal
